
Microsoft Visual Studio Solution File, Format Version 12.00
# Visual Studio Version 17
VisualStudioVersion = 17.13.35806.99 d17.13
MinimumVisualStudioVersion = 10.0.40219.1
Project("{FAE04EC0-301F-11D3-BF4B-00C04F79EFBC}") = "tpmodul5_103022300088", "tpmodul5_103022300088\tpmodul5_103022300088.csproj", "{DAD905A1-CF20-46F3-AEC4-86770EC5C73C}"
EndProject
Global
	GlobalSection(SolutionConfigurationPlatforms) = preSolution
		Debug|Any CPU = Debug|Any CPU
		Release|Any CPU = Release|Any CPU
	EndGlobalSection
	GlobalSection(ProjectConfigurationPlatforms) = postSolution
		{DAD905A1-CF20-46F3-AEC4-86770EC5C73C}.Debug|Any CPU.ActiveCfg = Debug|Any CPU
		{DAD905A1-CF20-46F3-AEC4-86770EC5C73C}.Debug|Any CPU.Build.0 = Debug|Any CPU
		{DAD905A1-CF20-46F3-AEC4-86770EC5C73C}.Release|Any CPU.ActiveCfg = Release|Any CPU
		{DAD905A1-CF20-46F3-AEC4-86770EC5C73C}.Release|Any CPU.Build.0 = Release|Any CPU
	EndGlobalSection
	GlobalSection(SolutionProperties) = preSolution
		HideSolutionNode = FALSE
	EndGlobalSection
	GlobalSection(ExtensibilityGlobals) = postSolution
		SolutionGuid = {9946F822-4C05-4A7D-8263-597F3C778662}
	EndGlobalSection
EndGlobal
